// !$*UTF8*$!
{
	archiveVersion = 1;
	classes = {
	};
	objectVersion = 51;
	objects = {

/* Begin PBXBuildFile section */
		3A18170660A01F68583E4437 /* Pods_RacTest.framework in Frameworks */ = {isa = PBXBuildFile; fileRef = E5F12DDDD129A44EDF0A3EB3 /* Pods_RacTest.framework */; };
		FF041DC622B394B30023867D /* AppDelegate.m in Sources */ = {isa = PBXBuildFile; fileRef = FF041DC522B394B30023867D /* AppDelegate.m */; };
		FF041DC922B394B30023867D /* ViewController.m in Sources */ = {isa = PBXBuildFile; fileRef = FF041DC822B394B30023867D /* ViewController.m */; };
		FF041DCC22B394B30023867D /* Main.storyboard in Resources */ = {isa = PBXBuildFile; fileRef = FF041DCA22B394B30023867D /* Main.storyboard */; };
		FF041DCE22B394B50023867D /* Assets.xcassets in Resources */ = {isa = PBXBuildFile; fileRef = FF041DCD22B394B50023867D /* Assets.xcassets */; };
		FF041DD122B394B50023867D /* LaunchScreen.storyboard in Resources */ = {isa = PBXBuildFile; fileRef = FF041DCF22B394B50023867D /* LaunchScreen.storyboard */; };
		FF041DD422B394B50023867D /* main.m in Sources */ = {isa = PBXBuildFile; fileRef = FF041DD322B394B50023867D /* main.m */; };
		FF07574122B786D600F734FD /* TestView.m in Sources */ = {isa = PBXBuildFile; fileRef = FF07574022B786D600F734FD /* TestView.m */; };
		FF3DDE5522B8889000A43853 /* flags.plist in Resources */ = {isa = PBXBuildFile; fileRef = FF3DDE5422B8888F00A43853 /* flags.plist */; };
		FF3DDE5822B8897800A43853 /* FlagItem.m in Sources */ = {isa = PBXBuildFile; fileRef = FF3DDE5722B8897800A43853 /* FlagItem.m */; };
/* End PBXBuildFile section */

/* Begin PBXFileReference section */
		0918B42CA37F7A9060101A2B /* Pods-RacTest.debug.xcconfig */ = {isa = PBXFileReference; includeInIndex = 1; lastKnownFileType = text.xcconfig; name = "Pods-RacTest.debug.xcconfig"; path = "Target Support Files/Pods-RacTest/Pods-RacTest.debug.xcconfig"; sourceTree = "<group>"; };
		683F06E5C5AEB01DA8A67427 /* Pods-RacTest.release.xcconfig */ = {isa = PBXFileReference; includeInIndex = 1; lastKnownFileType = text.xcconfig; name = "Pods-RacTest.release.xcconfig"; path = "Target Support Files/Pods-RacTest/Pods-RacTest.release.xcconfig"; sourceTree = "<group>"; };
		E5F12DDDD129A44EDF0A3EB3 /* Pods_RacTest.framework */ = {isa = PBXFileReference; explicitFileType = wrapper.framework; includeInIndex = 0; path = Pods_RacTest.framework; sourceTree = BUILT_PRODUCTS_DIR; };
		FF041DC122B394B30023867D /* RacTest.app */ = {isa = PBXFileReference; explicitFileType = wrapper.application; includeInIndex = 0; path = RacTest.app; sourceTree = BUILT_PRODUCTS_DIR; };
		FF041DC422B394B30023867D /* AppDelegate.h */ = {isa = PBXFileReference; lastKnownFileType = sourcecode.c.h; path = AppDelegate.h; sourceTree = "<group>"; };
		FF041DC522B394B30023867D /* AppDelegate.m */ = {isa = PBXFileReference; lastKnownFileType = sourcecode.c.objc; path = AppDelegate.m; sourceTree = "<group>"; };
		FF041DC722B394B30023867D /* ViewController.h */ = {isa = PBXFileReference; lastKnownFileType = sourcecode.c.h; path = ViewController.h; sourceTree = "<group>"; };
		FF041DC822B394B30023867D /* ViewController.m */ = {isa = PBXFileReference; lastKnownFileType = sourcecode.c.objc; path = ViewController.m; sourceTree = "<group>"; };
		FF041DCB22B394B30023867D /* Base */ = {isa = PBXFileReference; lastKnownFileType = file.storyboard; name = Base; path = Base.lproj/Main.storyboard; sourceTree = "<group>"; };
		FF041DCD22B394B50023867D /* Assets.xcassets */ = {isa = PBXFileReference; lastKnownFileType = folder.assetcatalog; path = Assets.xcassets; sourceTree = "<group>"; };
		FF041DD022B394B50023867D /* Base */ = {isa = PBXFileReference; lastKnownFileType = file.storyboard; name = Base; path = Base.lproj/LaunchScreen.storyboard; sourceTree = "<group>"; };
		FF041DD222B394B50023867D /* Info.plist */ = {isa = PBXFileReference; lastKnownFileType = text.plist.xml; path = Info.plist; sourceTree = "<group>"; };
		FF041DD322B394B50023867D /* main.m */ = {isa = PBXFileReference; lastKnownFileType = sourcecode.c.objc; path = main.m; sourceTree = "<group>"; };
		FF07573F22B786D600F734FD /* TestView.h */ = {isa = PBXFileReference; lastKnownFileType = sourcecode.c.h; path = TestView.h; sourceTree = "<group>"; };
		FF07574022B786D600F734FD /* TestView.m */ = {isa = PBXFileReference; lastKnownFileType = sourcecode.c.objc; path = TestView.m; sourceTree = "<group>"; };
		FF3DDE5422B8888F00A43853 /* flags.plist */ = {isa = PBXFileReference; fileEncoding = 4; lastKnownFileType = text.plist.xml; path = flags.plist; sourceTree = "<group>"; };
		FF3DDE5622B8897800A43853 /* FlagItem.h */ = {isa = PBXFileReference; lastKnownFileType = sourcecode.c.h; path = FlagItem.h; sourceTree = "<group>"; };
		FF3DDE5722B8897800A43853 /* FlagItem.m */ = {isa = PBXFileReference; lastKnownFileType = sourcecode.c.objc; path = FlagItem.m; sourceTree = "<group>"; };
/* End PBXFileReference section */

/* Begin PBXFrameworksBuildPhase section */
		FF041DBE22B394B30023867D /* Frameworks */ = {
			isa = PBXFrameworksBuildPhase;
			buildActionMask = 2147483647;
			files = (
				3A18170660A01F68583E4437 /* Pods_RacTest.framework in Frameworks */,
			);
			runOnlyForDeploymentPostprocessing = 0;
		};
/* End PBXFrameworksBuildPhase section */

/* Begin PBXGroup section */
		45AA93866366E6AA8770295C /* Frameworks */ = {
			isa = PBXGroup;
			children = (
				E5F12DDDD129A44EDF0A3EB3 /* Pods_RacTest.framework */,
			);
			name = Frameworks;
			sourceTree = "<group>";
		};
		B1D88AC10A930384C258E3A9 /* Pods */ = {
			isa = PBXGroup;
			children = (
				0918B42CA37F7A9060101A2B /* Pods-RacTest.debug.xcconfig */,
				683F06E5C5AEB01DA8A67427 /* Pods-RacTest.release.xcconfig */,
			);
			path = Pods;
			sourceTree = "<group>";
		};
		FF041DB822B394B30023867D = {
			isa = PBXGroup;
			children = (
				FF041DC322B394B30023867D /* RacTest */,
				FF041DC222B394B30023867D /* Products */,
				B1D88AC10A930384C258E3A9 /* Pods */,
				45AA93866366E6AA8770295C /* Frameworks */,
			);
			sourceTree = "<group>";
		};
		FF041DC222B394B30023867D /* Products */ = {
			isa = PBXGroup;
			children = (
				FF041DC122B394B30023867D /* RacTest.app */,
			);
			name = Products;
			sourceTree = "<group>";
		};
		FF041DC322B394B30023867D /* RacTest */ = {
			isa = PBXGroup;
			children = (
				FF3DDE5422B8888F00A43853 /* flags.plist */,
				FF041DC422B394B30023867D /* AppDelegate.h */,
				FF041DC522B394B30023867D /* AppDelegate.m */,
				FF041DC722B394B30023867D /* ViewController.h */,
				FF041DC822B394B30023867D /* ViewController.m */,
				FF041DCA22B394B30023867D /* Main.storyboard */,
				FF041DCD22B394B50023867D /* Assets.xcassets */,
				FF041DCF22B394B50023867D /* LaunchScreen.storyboard */,
				FF041DD222B394B50023867D /* Info.plist */,
				FF041DD322B394B50023867D /* main.m */,
				FF07573F22B786D600F734FD /* TestView.h */,
				FF07574022B786D600F734FD /* TestView.m */,
				FF3DDE5622B8897800A43853 /* FlagItem.h */,
				FF3DDE5722B8897800A43853 /* FlagItem.m */,
			);
			path = RacTest;
			sourceTree = "<group>";
		};
/* End PBXGroup section */

/* Begin PBXNativeTarget section */
		FF041DC022B394B30023867D /* RacTest */ = {
			isa = PBXNativeTarget;
			buildConfigurationList = FF041DD722B394B50023867D /* Build configuration list for PBXNativeTarget "RacTest" */;
			buildPhases = (
				22C23BD12128BEDAA6C63E58 /* [CP] Check Pods Manifest.lock */,
				FF041DBD22B394B30023867D /* Sources */,
				FF041DBE22B394B30023867D /* Frameworks */,
				FF041DBF22B394B30023867D /* Resources */,
				9BE434F5EA84925E041FE472 /* [CP] Embed Pods Frameworks */,
			);
			buildRules = (
			);
			dependencies = (
			);
			name = RacTest;
			productName = RacTest;
			productReference = FF041DC122B394B30023867D /* RacTest.app */;
			productType = "com.apple.product-type.application";
		};
/* End PBXNativeTarget section */

/* Begin PBXProject section */
		FF041DB922B394B30023867D /* Project object */ = {
			isa = PBXProject;
			attributes = {
				LastUpgradeCheck = 1020;
				ORGANIZATIONNAME = zzb;
				TargetAttributes = {
					FF041DC022B394B30023867D = {
						CreatedOnToolsVersion = 10.2;
					};
				};
			};
			buildConfigurationList = FF041DBC22B394B30023867D /* Build configuration list for PBXProject "RacTest" */;
			compatibilityVersion = "Xcode 9.3";
			developmentRegion = en;
			hasScannedForEncodings = 0;
			knownRegions = (
				en,
				Base,
			);
			mainGroup = FF041DB822B394B30023867D;
			productRefGroup = FF041DC222B394B30023867D /* Products */;
			projectDirPath = "";
			projectRoot = "";
			targets = (
				FF041DC022B394B30023867D /* RacTest */,
			);
		};
/* End PBXProject section */

/* Begin PBXResourcesBuildPhase section */
		FF041DBF22B394B30023867D /* Resources */ = {
			isa = PBXResourcesBuildPhase;
			buildActionMask = 2147483647;
			files = (
				FF041DD122B394B50023867D /* LaunchScreen.storyboard in Resources */,
				FF041DCE22B394B50023867D /* Assets.xcassets in Resources */,
				FF3DDE5522B8889000A43853 /* flags.plist in Resources */,
				FF041DCC22B394B30023867D /* Main.storyboard in Resources */,
			);
			runOnlyForDeploymentPostprocessing = 0;
		};
/* End PBXResourcesBuildPhase section */

/* Begin PBXShellScriptBuildPhase section */
		22C23BD12128BEDAA6C63E58 /* [CP] Check Pods Manifest.lock */ = {
			isa = PBXShellScriptBuildPhase;
			buildActionMask = 2147483647;
			files = (
			);
			inputFileListPaths = (
			);
			inputPaths = (
				"${PODS_PODFILE_DIR_PATH}/Podfile.lock",
				"${PODS_ROOT}/Manifest.lock",
			);
			name = "[CP] Check Pods Manifest.lock";
			outputFileListPaths = (
			);
			outputPaths = (
				"$(DERIVED_FILE_DIR)/Pods-RacTest-checkManifestLockResult.txt",
			);
			runOnlyForDeploymentPostprocessing = 0;
			shellPath = /bin/sh;
			shellScript = "diff \"${PODS_PODFILE_DIR_PATH}/Podfile.lock\" \"${PODS_ROOT}/Manifest.lock\" > /dev/null\nif [ $? != 0 ] ; then\n    # print error to STDERR\n    echo \"error: The sandbox is not in sync with the Podfile.lock. Run 'pod install' or update your CocoaPods installation.\" >&2\n    exit 1\nfi\n# This output is used by Xcode 'outputs' to avoid re-running this script phase.\necho \"SUCCESS\" > \"${SCRIPT_OUTPUT_FILE_0}\"\n";
			showEnvVarsInLog = 0;
		};
		9BE434F5EA84925E041FE472 /* [CP] Embed Pods Frameworks */ = {
			isa = PBXShellScriptBuildPhase;
			buildActionMask = 2147483647;
			files = (
			);
			inputFileListPaths = (
				"${PODS_ROOT}/Target Support Files/Pods-RacTest/Pods-RacTest-frameworks-${CONFIGURATION}-input-files.xcfilelist",
			);
			name = "[CP] Embed Pods Frameworks";
			outputFileListPaths = (
				"${PODS_ROOT}/Target Support Files/Pods-RacTest/Pods-RacTest-frameworks-${CONFIGURATION}-output-files.xcfilelist",
			);
			runOnlyForDeploymentPostprocessing = 0;
			shellPath = /bin/sh;
			shellScript = "\"${PODS_ROOT}/Target Support Files/Pods-RacTest/Pods-RacTest-frameworks.sh\"\n";
			showEnvVarsInLog = 0;
		};
/* End PBXShellScriptBuildPhase section */

/* Begin PBXSourcesBuildPhase section */
		FF041DBD22B394B30023867D /* Sources */ = {
			isa = PBXSourcesBuildPhase;
			buildActionMask = 2147483647;
			files = (
				FF07574122B786D600F734FD /* TestView.m in Sources */,
				FF041DC922B394B30023867D /* ViewController.m in Sources */,
				FF3DDE5822B8897800A43853 /* FlagItem.m in Sources */,
				FF041DD422B394B50023867D /* main.m in Sources */,
				FF041DC622B394B30023867D /* AppDelegate.m in Sources */,
			);
			runOnlyForDeploymentPostprocessing = 0;
		};
/* End PBXSourcesBuildPhase section */

/* Begin PBXVariantGroup section */
		FF041DCA22B394B30023867D /* Main.storyboard */ = {
			isa = PBXVariantGroup;
			children = (
				FF041DCB22B394B30023867D /* Base */,
			);
			name = Main.storyboard;
			sourceTree = "<group>";
		};
		FF041DCF22B394B50023867D /* LaunchScreen.storyboard */ = {
			isa = PBXVariantGroup;
			children = (
				FF041DD022B394B50023867D /* Base */,
			);
			name = LaunchScreen.storyboard;
			sourceTree = "<group>";
		};
/* End PBXVariantGroup section */

/* Begin XCBuildConfiguration section */
		FF041DD522B394B50023867D /* Debug */ = {
			isa = XCBuildConfiguration;
			buildSettings = {
				ALWAYS_SEARCH_USER_PATHS = NO;
				CLANG_ANALYZER_NONNULL = YES;
				CLANG_ANALYZER_NUMBER_OBJECT_CONVERSION = YES_AGGRESSIVE;
				CLANG_CXX_LANGUAGE_STANDARD = "gnu++14";
				CLANG_CXX_LIBRARY = "libc++";
				CLANG_ENABLE_MODULES = YES;
				CLANG_ENABLE_OBJC_ARC = YES;
				CLANG_ENABLE_OBJC_WEAK = YES;
				CLANG_WARN_BLOCK_CAPTURE_AUTORELEASING = YES;
				CLANG_WARN_BOOL_CONVERSION = YES;
				CLANG_WARN_COMMA = YES;
				CLANG_WARN_CONSTANT_CONVERSION = YES;
				CLANG_WARN_DEPRECATED_OBJC_IMPLEMENTATIONS = YES;
				CLANG_WARN_DIRECT_OBJC_ISA_USAGE = YES_ERROR;
				CLANG_WARN_DOCUMENTATION_COMMENTS = YES;
				CLANG_WARN_EMPTY_BODY = YES;
				CLANG_WARN_ENUM_CONVERSION = YES;
				CLANG_WARN_INFINITE_RECURSION = YES;
				CLANG_WARN_INT_CONVERSION = YES;
				CLANG_WARN_NON_LITERAL_NULL_CONVERSION = YES;
				CLANG_WARN_OBJC_IMPLICIT_RETAIN_SELF = YES;
				CLANG_WARN_OBJC_LITERAL_CONVERSION = YES;
				CLANG_WARN_OBJC_ROOT_CLASS = YES_ERROR;
				CLANG_WARN_RANGE_LOOP_ANALYSIS = YES;
				CLANG_WARN_STRICT_PROTOTYPES = YES;
				CLANG_WARN_SUSPICIOUS_MOVE = YES;
				CLANG_WARN_UNGUARDED_AVAILABILITY = YES_AGGRESSIVE;
				CLANG_WARN_UNREACHABLE_CODE = YES;
				CLANG_WARN__DUPLICATE_METHOD_MATCH = YES;
				CODE_SIGN_IDENTITY = "iPhone Developer";
				COPY_PHASE_STRIP = NO;
				DEBUG_INFORMATION_FORMAT = dwarf;
				ENABLE_STRICT_OBJC_MSGSEND = YES;
				ENABLE_TESTABILITY = YES;
				GCC_C_LANGUAGE_STANDARD = gnu11;
				GCC_DYNAMIC_NO_PIC = NO;
				GCC_NO_COMMON_BLOCKS = YES;
				GCC_OPTIMIZATION_LEVEL = 0;
				GCC_PREPROCESSOR_DEFINITIONS = (
					"DEBUG=1",
					"$(inherited)",
				);
				GCC_WARN_64_TO_32_BIT_CONVERSION = YES;
				GCC_WARN_ABOUT_RETURN_TYPE = YES_ERROR;
				GCC_WARN_UNDECLARED_SELECTOR = YES;
				GCC_WARN_UNINITIALIZED_AUTOS = YES_AGGRESSIVE;
				GCC_WARN_UNUSED_FUNCTION = YES;
				GCC_WARN_UNUSED_VARIABLE = YES;
				IPHONEOS_DEPLOYMENT_TARGET = 9.0;
				MTL_ENABLE_DEBUG_INFO = INCLUDE_SOURCE;
				MTL_FAST_MATH = YES;
				ONLY_ACTIVE_ARCH = YES;
				SDKROOT = iphoneos;
			};
			name = Debug;
		};
		FF041DD622B394B50023867D /* Release */ = {
			isa = XCBuildConfiguration;
			buildSettings = {
				ALWAYS_SEARCH_USER_PATHS = NO;
				CLANG_ANALYZER_NONNULL = YES;
				CLANG_ANALYZER_NUMBER_OBJECT_CONVERSION = YES_AGGRESSIVE;
				CLANG_CXX_LANGUAGE_STANDARD = "gnu++14";
				CLANG_CXX_LIBRARY = "libc++";
				CLANG_ENABLE_MODULES = YES;
				CLANG_ENABLE_OBJC_ARC = YES;
				CLANG_ENABLE_OBJC_WEAK = YES;
				CLANG_WARN_BLOCK_CAPTURE_AUTORELEASING = YES;
				CLANG_WARN_BOOL_CONVERSION = YES;
				CLANG_WARN_COMMA = YES;
				CLANG_WARN_CONSTANT_CONVERSION = YES;
				CLANG_WARN_DEPRECATED_OBJC_IMPLEMENTATIONS = YES;
				CLANG_WARN_DIRECT_OBJC_ISA_USAGE = YES_ERROR;
				CLANG_WARN_DOCUMENTATION_COMMENTS = YES;
				CLANG_WARN_EMPTY_BODY = YES;
				CLANG_WARN_ENUM_CONVERSION = YES;
				CLANG_WARN_INFINITE_RECURSION = YES;
				CLANG_WARN_INT_CONVERSION = YES;
				CLANG_WARN_NON_LITERAL_NULL_CONVERSION = YES;
				CLANG_WARN_OBJC_IMPLICIT_RETAIN_SELF = YES;
				CLANG_WARN_OBJC_LITERAL_CONVERSION = YES;
				CLANG_WARN_OBJC_ROOT_CLASS = YES_ERROR;
				CLANG_WARN_RANGE_LOOP_ANALYSIS = YES;
				CLANG_WARN_STRICT_PROTOTYPES = YES;
				CLANG_WARN_SUSPICIOUS_MOVE = YES;
				CLANG_WARN_UNGUARDED_AVAILABILITY = YES_AGGRESSIVE;
				CLANG_WARN_UNREACHABLE_CODE = YES;
				CLANG_WARN__DUPLICATE_METHOD_MATCH = YES;
				CODE_SIGN_IDENTITY = "iPhone Developer";
				COPY_PHASE_STRIP = NO;
				DEBUG_INFORMATION_FORMAT = "dwarf-with-dsym";
				ENABLE_NS_ASSERTIONS = NO;
				ENABLE_STRICT_OBJC_MSGSEND = YES;
				GCC_C_LANGUAGE_STANDARD = gnu11;
				GCC_NO_COMMON_BLOCKS = YES;
				GCC_WARN_64_TO_32_BIT_CONVERSION = YES;
				GCC_WARN_ABOUT_RETURN_TYPE = YES_ERROR;
				GCC_WARN_UNDECLARED_SELECTOR = YES;
				GCC_WARN_UNINITIALIZED_AUTOS = YES_AGGRESSIVE;
				GCC_WARN_UNUSED_FUNCTION = YES;
				GCC_WARN_UNUSED_VARIABLE = YES;
				IPHONEOS_DEPLOYMENT_TARGET = 9.0;
				MTL_ENABLE_DEBUG_INFO = NO;
				MTL_FAST_MATH = YES;
				SDKROOT = iphoneos;
				VALIDATE_PRODUCT = YES;
			};
			name = Release;
		};
		FF041DD822B394B50023867D /* Debug */ = {
			isa = XCBuildConfiguration;
			baseConfigurationReference = 0918B42CA37F7A9060101A2B /* Pods-RacTest.debug.xcconfig */;
			buildSettings = {
				ASSETCATALOG_COMPILER_APPICON_NAME = AppIcon;
				CODE_SIGN_STYLE = Automatic;
				DEVELOPMENT_TEAM = DVKMRD6A6F;
				INFOPLIST_FILE = RacTest/Info.plist;
				IPHONEOS_DEPLOYMENT_TARGET = 9.0;
				LD_RUNPATH_SEARCH_PATHS = (
					"$(inherited)",
					"@executable_path/Frameworks",
				);
				PRODUCT_BUNDLE_IDENTIFIER = zzb.com.RacTest;
				PRODUCT_NAME = "$(TARGET_NAME)";
				TARGETED_DEVICE_FAMILY = "1,2";
			};
			name = Debug;
		};
		FF041DD922B394B50023867D /* Release */ = {
			isa = XCBuildConfiguration;
			baseConfigurationReference = 683F06E5C5AEB01DA8A67427 /* Pods-RacTest.release.xcconfig */;
			buildSettings = {
				ASSETCATALOG_COMPILER_APPICON_NAME = AppIcon;
				CODE_SIGN_STYLE = Automatic;
				DEVELOPMENT_TEAM = DVKMRD6A6F;
				INFOPLIST_FILE = RacTest/Info.plist;
				IPHONEOS_DEPLOYMENT_TARGET = 9.0;
				LD_RUNPATH_SEARCH_PATHS = (
					"$(inherited)",
					"@executable_path/Frameworks",
				);
				PRODUCT_BUNDLE_IDENTIFIER = zzb.com.RacTest;
				PRODUCT_NAME = "$(TARGET_NAME)";
				TARGETED_DEVICE_FAMILY = "1,2";
			};
			name = Release;
		};
/* End XCBuildConfiguration section */

/* Begin XCConfigurationList section */
		FF041DBC22B394B30023867D /* Build configuration list for PBXProject "RacTest" */ = {
			isa = XCConfigurationList;
			buildConfigurations = (
				FF041DD522B394B50023867D /* Debug */,
				FF041DD622B394B50023867D /* Release */,
			);
			defaultConfigurationIsVisible = 0;
			defaultConfigurationName = Release;
		};
		FF041DD722B394B50023867D /* Build configuration list for PBXNativeTarget "RacTest" */ = {
			isa = XCConfigurationList;
			buildConfigurations = (
				FF041DD822B394B50023867D /* Debug */,
				FF041DD922B394B50023867D /* Release */,
			);
			defaultConfigurationIsVisible = 0;
			defaultConfigurationName = Release;
		};
/* End XCConfigurationList section */
	};
	rootObject = FF041DB922B394B30023867D /* Project object */;
}
